{
  "nodes": {
    "cachix": {
      "inputs": {
        "devenv": [
          "devenv"
        ],
        "flake-compat": [
          "devenv"
        ],
        "git-hooks": [
          "devenv",
          "git-hooks"
        ],
        "nixpkgs": [
          "devenv",
          "nixpkgs"
        ]
      },
      "locked": {
        "lastModified": 1752264895,
        "narHash": "sha256-1zBPE/PNAkPNUsOWFET4J0cjlvziH8DOekesDmjND+w=",
        "owner": "cachix",
        "repo": "cachix",
        "rev": "47053aef762f452e816e44eb9a23fbc3827b241a",
        "type": "github"
      },
      "original": {
        "owner": "cachix",
        "ref": "latest",
        "repo": "cachix",
        "type": "github"
      }
    },
    "caelestia-cli": {
      "inputs": {
        "caelestia-shell": "caelestia-shell",
        "nixpkgs": [
          "nixpkgs"
        ]
      },
      "locked": {
        "lastModified": 1762999229,
        "narHash": "sha256-WrSudNT2O8Vw5/JAD2zgV+3aYERWaweJe6GDWCu3Wpk=",
        "owner": "caelestia-dots",
        "repo": "cli",
        "rev": "f9acac8fb2f6faaa5065b2d6cc30043a4f4bef0f",
        "type": "github"
      },
      "original": {
        "owner": "caelestia-dots",
        "repo": "cli",
        "type": "github"
      }
    },
    "caelestia-cli_2": {
      "inputs": {
        "caelestia-shell": [
          "caelestia-shell"
        ],
        "nixpkgs": [
          "caelestia-shell",
          "nixpkgs"
        ]
      },
      "locked": {
        "lastModified": 1762480719,
        "narHash": "sha256-TjTMNmndJJIxP/N6owC/CoAPiRuM99fNaQbZqHDtwLw=",
        "owner": "caelestia-dots",
        "repo": "cli",
        "rev": "9323fbf1b497204e17dff103cf412daf04a5c723",
        "type": "github"
      },
      "original": {
        "owner": "caelestia-dots",
        "repo": "cli",
        "type": "github"
      }
    },
    "caelestia-shell": {
      "inputs": {
        "caelestia-cli": [
          "caelestia-cli"
        ],
        "nixpkgs": [
          "caelestia-cli",
          "nixpkgs"
        ],
        "quickshell": "quickshell"
      },
      "locked": {
        "lastModified": 1762651107,
        "narHash": "sha256-V++8JREoP1TC6ROYByMAKx/cSyxza0tp1tUNOpq5Z4k=",
        "owner": "caelestia-dots",
        "repo": "shell",
        "rev": "c0ea060ffecd3f38233652556d3085d094082400",
        "type": "github"
      },
      "original": {
        "owner": "caelestia-dots",
        "repo": "shell",
        "type": "github"
      }
    },
    "caelestia-shell_2": {
      "inputs": {
        "caelestia-cli": "caelestia-cli_2",
        "nixpkgs": [
          "nixpkgs"
        ],
        "quickshell": "quickshell_2"
      },
      "locked": {
        "lastModified": 1762651107,
        "narHash": "sha256-V++8JREoP1TC6ROYByMAKx/cSyxza0tp1tUNOpq5Z4k=",
        "owner": "caelestia-dots",
        "repo": "shell",
        "rev": "c0ea060ffecd3f38233652556d3085d094082400",
        "type": "github"
      },
      "original": {
        "owner": "caelestia-dots",
        "repo": "shell",
        "type": "github"
      }
    },
    "catppuccin": {
      "inputs": {
        "nixpkgs": "nixpkgs"
      },
      "locked": {
        "lastModified": 1763110997,
        "narHash": "sha256-S2vF+3D/9vna3/vBV7LHiGUbp+ltPsQhvccIyim6VQg=",
        "owner": "catppuccin",
        "repo": "nix",
        "rev": "e6928cdd3dd20636326c2756d2bc8fd1cd825768",
        "type": "github"
      },
      "original": {
        "owner": "catppuccin",
        "repo": "nix",
        "type": "github"
      }
    },
    "devenv": {
      "inputs": {
        "cachix": "cachix",
        "flake-compat": "flake-compat",
        "flake-parts": "flake-parts",
        "git-hooks": "git-hooks",
        "nix": "nix",
        "nixpkgs": "nixpkgs_2"
      },
      "locked": {
        "lastModified": 1759795821,
        "narHash": "sha256-rsb+6Wca43guzLL4Czoc89L394ZW9JZF2MShxaz2Sx4=",
        "type": "tarball",
        "url": "https://install.devenv.sh/latest"
      },
      "original": {
        "type": "tarball",
        "url": "https://install.devenv.sh/latest"
      }
    },
    "disko": {
      "inputs": {
        "nixpkgs": [
          "nixpkgs"
        ]
      },
      "locked": {
        "lastModified": 1762276996,
        "narHash": "sha256-TtcPgPmp2f0FAnc+DMEw4ardEgv1SGNR3/WFGH0N19M=",
        "owner": "nix-community",
        "repo": "disko",
        "rev": "af087d076d3860760b3323f6b583f4d828c1ac17",
        "type": "github"
      },
      "original": {
        "owner": "nix-community",
        "repo": "disko",
        "type": "github"
      }
    },
    "flake-compat": {
      "flake": false,
      "locked": {
        "lastModified": 1747046372,
        "narHash": "sha256-CIVLLkVgvHYbgI2UpXvIIBJ12HWgX+fjA8Xf8PUmqCY=",
        "owner": "edolstra",
        "repo": "flake-compat",
        "rev": "9100a0f413b0c601e0533d1d94ffd501ce2e7885",
        "type": "github"
      },
      "original": {
        "owner": "edolstra",
        "repo": "flake-compat",
        "type": "github"
      }
    },
    "flake-parts": {
      "inputs": {
        "nixpkgs-lib": [
          "devenv",
          "nixpkgs"
        ]
      },
      "locked": {
        "lastModified": 1756770412,
        "narHash": "sha256-+uWLQZccFHwqpGqr2Yt5VsW/PbeJVTn9Dk6SHWhNRPw=",
        "owner": "hercules-ci",
        "repo": "flake-parts",
        "rev": "4524271976b625a4a605beefd893f270620fd751",
        "type": "github"
      },
      "original": {
        "owner": "hercules-ci",
        "repo": "flake-parts",
        "type": "github"
      }
    },
    "flake-parts_2": {
      "inputs": {
        "nixpkgs-lib": "nixpkgs-lib"
      },
      "locked": {
        "lastModified": 1762980239,
        "narHash": "sha256-8oNVE8TrD19ulHinjaqONf9QWCKK+w4url56cdStMpM=",
        "owner": "hercules-ci",
        "repo": "flake-parts",
        "rev": "52a2caecc898d0b46b2b905f058ccc5081f842da",
        "type": "github"
      },
      "original": {
        "owner": "hercules-ci",
        "repo": "flake-parts",
        "type": "github"
      }
    },
    "flake-utils": {
      "inputs": {
        "systems": "systems"
      },
      "locked": {
        "lastModified": 1726560853,
        "narHash": "sha256-X6rJYSESBVr3hBoH0WbKE5KvhPU5bloyZ2L4K60/fPQ=",
        "owner": "numtide",
        "repo": "flake-utils",
        "rev": "c1dfcf08411b08f6b8615f7d8971a2bfa81d5e8a",
        "type": "github"
      },
      "original": {
        "owner": "numtide",
        "repo": "flake-utils",
        "type": "github"
      }
    },
    "git-hooks": {
      "inputs": {
        "flake-compat": [
          "devenv",
          "flake-compat"
        ],
        "gitignore": "gitignore",
        "nixpkgs": [
          "devenv",
          "nixpkgs"
        ]
      },
      "locked": {
        "lastModified": 1758108966,
        "narHash": "sha256-ytw7ROXaWZ7OfwHrQ9xvjpUWeGVm86pwnEd1QhzawIo=",
        "owner": "cachix",
        "repo": "git-hooks.nix",
        "rev": "54df955a695a84cd47d4a43e08e1feaf90b1fd9b",
        "type": "github"
      },
      "original": {
        "owner": "cachix",
        "repo": "git-hooks.nix",
        "type": "github"
      }
    },
    "gitignore": {
      "inputs": {
        "nixpkgs": [
          "devenv",
          "git-hooks",
          "nixpkgs"
        ]
      },
      "locked": {
        "lastModified": 1709087332,
        "narHash": "sha256-HG2cCnktfHsKV0s4XW83gU3F57gaTljL9KNSuG6bnQs=",
        "owner": "hercules-ci",
        "repo": "gitignore.nix",
        "rev": "637db329424fd7e46cf4185293b9cc8c88c95394",
        "type": "github"
      },
      "original": {
        "owner": "hercules-ci",
        "repo": "gitignore.nix",
        "type": "github"
      }
    },
    "home-manager": {
      "inputs": {
        "nixpkgs": [
          "nixpkgs"
        ]
      },
      "locked": {
        "lastModified": 1762964643,
        "narHash": "sha256-RYHN8O/Aja59XDji6WSJZPkJpYVUfpSkyH+PEupBJqM=",
        "owner": "nix-community",
        "repo": "home-manager",
        "rev": "827f2a23373a774a8805f84ca5344654c31f354b",
        "type": "github"
      },
      "original": {
        "owner": "nix-community",
        "repo": "home-manager",
        "type": "github"
      }
    },
    "home-manager_2": {
      "inputs": {
        "nixpkgs": [
          "zen-browser",
          "nixpkgs"
        ]
      },
      "locked": {
        "lastModified": 1762351818,
        "narHash": "sha256-0ptUDbYwxv1kk/uzEX4+NJjY2e16MaAhtzAOJ6K0TG0=",
        "owner": "nix-community",
        "repo": "home-manager",
        "rev": "b959c67241cae17fc9e4ee7eaf13dfa8512477ea",
        "type": "github"
      },
      "original": {
        "owner": "nix-community",
        "repo": "home-manager",
        "type": "github"
      }
    },
    "nix": {
      "inputs": {
        "flake-compat": [
          "devenv",
          "flake-compat"
        ],
        "flake-parts": [
          "devenv",
          "flake-parts"
        ],
        "git-hooks-nix": [
          "devenv",
          "git-hooks"
        ],
        "nixpkgs": [
          "devenv",
          "nixpkgs"
        ],
        "nixpkgs-23-11": [
          "devenv"
        ],
        "nixpkgs-regression": [
          "devenv"
        ]
      },
      "locked": {
        "lastModified": 1758763079,
        "narHash": "sha256-Bx1A+lShhOWwMuy3uDzZQvYiBKBFcKwy6G6NEohhv6A=",
        "owner": "cachix",
        "repo": "nix",
        "rev": "6f0140527c2b0346df4afad7497baa08decb929f",
        "type": "github"
      },
      "original": {
        "owner": "cachix",
        "ref": "devenv-2.30.5",
        "repo": "nix",
        "type": "github"
      }
    },
    "nix-github-actions": {
      "inputs": {
        "nixpkgs": [
          "poetry2nix",
          "nixpkgs"
        ]
      },
      "locked": {
        "lastModified": 1729742964,
        "narHash": "sha256-B4mzTcQ0FZHdpeWcpDYPERtyjJd/NIuaQ9+BV1h+MpA=",
        "owner": "nix-community",
        "repo": "nix-github-actions",
        "rev": "e04df33f62cdcf93d73e9a04142464753a16db67",
        "type": "github"
      },
      "original": {
        "owner": "nix-community",
        "repo": "nix-github-actions",
        "type": "github"
      }
    },
    "nixpkgs": {
      "locked": {
        "lastModified": 1762111121,
        "narHash": "sha256-4vhDuZ7OZaZmKKrnDpxLZZpGIJvAeMtK6FKLJYUtAdw=",
        "owner": "NixOS",
        "repo": "nixpkgs",
        "rev": "b3d51a0365f6695e7dd5cdf3e180604530ed33b4",
        "type": "github"
      },
      "original": {
        "owner": "NixOS",
        "ref": "nixos-unstable",
        "repo": "nixpkgs",
        "type": "github"
      }
    },
    "nixpkgs-lib": {
      "locked": {
        "lastModified": 1761765539,
        "narHash": "sha256-b0yj6kfvO8ApcSE+QmA6mUfu8IYG6/uU28OFn4PaC8M=",
        "owner": "nix-community",
        "repo": "nixpkgs.lib",
        "rev": "719359f4562934ae99f5443f20aa06c2ffff91fc",
        "type": "github"
      },
      "original": {
        "owner": "nix-community",
        "repo": "nixpkgs.lib",
        "type": "github"
      }
    },
    "nixpkgs_2": {
      "locked": {
        "lastModified": 1758532697,
        "narHash": "sha256-bhop0bR3u7DCw9/PtLCwr7GwEWDlBSxHp+eVQhCW9t4=",
        "owner": "cachix",
        "repo": "devenv-nixpkgs",
        "rev": "207a4cb0e1253c7658c6736becc6eb9cace1f25f",
        "type": "github"
      },
      "original": {
        "owner": "cachix",
        "ref": "rolling",
        "repo": "devenv-nixpkgs",
        "type": "github"
      }
    },
    "nixpkgs_3": {
      "locked": {
        "lastModified": 1762977756,
        "narHash": "sha256-4PqRErxfe+2toFJFgcRKZ0UI9NSIOJa+7RXVtBhy4KE=",
        "owner": "nixos",
        "repo": "nixpkgs",
        "rev": "c5ae371f1a6a7fd27823bc500d9390b38c05fa55",
        "type": "github"
      },
      "original": {
        "owner": "nixos",
        "ref": "nixos-unstable",
        "repo": "nixpkgs",
        "type": "github"
      }
    },
    "nixpkgs_4": {
      "locked": {
        "lastModified": 1730157240,
        "narHash": "sha256-P8wF4ag6Srmpb/gwskYpnIsnspbjZlRvu47iN527ABQ=",
        "owner": "NixOS",
        "repo": "nixpkgs",
        "rev": "75e28c029ef2605f9841e0baa335d70065fe7ae2",
        "type": "github"
      },
      "original": {
        "owner": "NixOS",
        "repo": "nixpkgs",
        "rev": "75e28c029ef2605f9841e0baa335d70065fe7ae2",
        "type": "github"
      }
    },
    "poetry2nix": {
      "inputs": {
        "flake-utils": "flake-utils",
        "nix-github-actions": "nix-github-actions",
        "nixpkgs": "nixpkgs_4",
        "systems": "systems_2",
        "treefmt-nix": "treefmt-nix"
      },
      "locked": {
        "lastModified": 1743690424,
        "narHash": "sha256-cX98bUuKuihOaRp8dNV1Mq7u6/CQZWTPth2IJPATBXc=",
        "owner": "nix-community",
        "repo": "poetry2nix",
        "rev": "ce2369db77f45688172384bbeb962bc6c2ea6f94",
        "type": "github"
      },
      "original": {
        "owner": "nix-community",
        "repo": "poetry2nix",
        "type": "github"
      }
    },
    "quickshell": {
      "inputs": {
        "nixpkgs": [
          "caelestia-cli",
          "caelestia-shell",
          "nixpkgs"
        ]
      },
      "locked": {
        "lastModified": 1761897390,
        "narHash": "sha256-er4gYrIoThYLjlsOMTysoRfn67d1Gci+ZpqDrtQxrA0=",
        "ref": "refs/heads/master",
        "rev": "fc704e6b5d445899a1565955268c91942a4f263f",
        "revCount": 700,
        "type": "git",
        "url": "https://git.outfoxxed.me/outfoxxed/quickshell"
      },
      "original": {
        "type": "git",
        "url": "https://git.outfoxxed.me/outfoxxed/quickshell"
      }
    },
    "quickshell_2": {
      "inputs": {
        "nixpkgs": [
          "caelestia-shell",
          "nixpkgs"
        ]
      },
      "locked": {
        "lastModified": 1761897390,
        "narHash": "sha256-er4gYrIoThYLjlsOMTysoRfn67d1Gci+ZpqDrtQxrA0=",
        "ref": "refs/heads/master",
        "rev": "fc704e6b5d445899a1565955268c91942a4f263f",
        "revCount": 700,
        "type": "git",
        "url": "https://git.outfoxxed.me/outfoxxed/quickshell"
      },
      "original": {
        "type": "git",
        "url": "https://git.outfoxxed.me/outfoxxed/quickshell"
      }
    },
    "root": {
      "inputs": {
        "caelestia-cli": "caelestia-cli",
        "caelestia-shell": "caelestia-shell_2",
        "catppuccin": "catppuccin",
        "devenv": "devenv",
        "disko": "disko",
        "flake-parts": "flake-parts_2",
        "home-manager": "home-manager",
        "nixpkgs": "nixpkgs_3",
        "poetry2nix": "poetry2nix",
        "rust-overlay": "rust-overlay",
        "zen-browser": "zen-browser"
      }
    },
    "rust-overlay": {
      "inputs": {
        "nixpkgs": [
          "nixpkgs"
        ]
      },
      "locked": {
        "lastModified": 1763087910,
        "narHash": "sha256-eB9Z1mWd1U6N61+F8qwDggX0ihM55s4E0CluwNukJRU=",
        "owner": "oxalica",
        "repo": "rust-overlay",
        "rev": "cf4a68749733d45c0420726596367acd708eb2e8",
        "type": "github"
      },
      "original": {
        "owner": "oxalica",
        "repo": "rust-overlay",
        "type": "github"
      }
    },
    "systems": {
      "locked": {
        "lastModified": 1681028828,
        "narHash": "sha256-Vy1rq5AaRuLzOxct8nz4T6wlgyUR7zLU309k9mBC768=",
        "owner": "nix-systems",
        "repo": "default",
        "rev": "da67096a3b9bf56a91d16901293e51ba5b49a27e",
        "type": "github"
      },
      "original": {
        "owner": "nix-systems",
        "repo": "default",
        "type": "github"
      }
    },
    "systems_2": {
      "locked": {
        "lastModified": 1681028828,
        "narHash": "sha256-Vy1rq5AaRuLzOxct8nz4T6wlgyUR7zLU309k9mBC768=",
        "owner": "nix-systems",
        "repo": "default",
        "rev": "da67096a3b9bf56a91d16901293e51ba5b49a27e",
        "type": "github"
      },
      "original": {
        "owner": "nix-systems",
        "repo": "default",
        "type": "github"
      }
    },
    "treefmt-nix": {
      "inputs": {
        "nixpkgs": [
          "poetry2nix",
          "nixpkgs"
        ]
      },
      "locked": {
        "lastModified": 1730120726,
        "narHash": "sha256-LqHYIxMrl/1p3/kvm2ir925tZ8DkI0KA10djk8wecSk=",
        "owner": "numtide",
        "repo": "treefmt-nix",
        "rev": "9ef337e492a5555d8e17a51c911ff1f02635be15",
        "type": "github"
      },
      "original": {
        "owner": "numtide",
        "repo": "treefmt-nix",
        "type": "github"
      }
    },
    "zen-browser": {
      "inputs": {
        "home-manager": "home-manager_2",
        "nixpkgs": [
          "nixpkgs"
        ]
      },
      "locked": {
        "lastModified": 1763097615,
        "narHash": "sha256-qxpsf2FVzXrN0WDWRgeBz7RJ5vjHNFDy8oLqbC6gU3Y=",
        "owner": "0xc000022070",
        "repo": "zen-browser-flake",
        "rev": "479ca480bf531285e88006aa1c70fd3bb5529f3d",
        "type": "github"
      },
      "original": {
        "owner": "0xc000022070",
        "repo": "zen-browser-flake",
        "type": "github"
      }
    }
  },
  "root": "root",
  "version": 7
}
