{
  "nodes": {
    "cachix": {
      "inputs": {
        "devenv": [
          "devenv"
        ],
        "flake-compat": [
          "devenv",
          "flake-compat"
        ],
        "git-hooks": [
          "devenv",
          "git-hooks"
        ],
        "nixpkgs": [
          "devenv",
          "nixpkgs"
        ]
      },
      "locked": {
        "lastModified": 1760971495,
        "narHash": "sha256-IwnNtbNVrlZIHh7h4Wz6VP0Furxg9Hh0ycighvL5cZc=",
        "owner": "cachix",
        "repo": "cachix",
        "rev": "c5bfd933d1033672f51a863c47303fc0e093c2d2",
        "type": "github"
      },
      "original": {
        "owner": "cachix",
        "ref": "latest",
        "repo": "cachix",
        "type": "github"
      }
    },
    "caelestia-cli": {
      "inputs": {
        "caelestia-shell": "caelestia-shell",
        "nixpkgs": [
          "nixpkgs"
        ]
      },
      "locked": {
        "lastModified": 1768615567,
        "narHash": "sha256-oUmMd5lPNjbJOel/h1K9LDwae/mZb9hr6dHL0HOeTUs=",
        "owner": "caelestia-dots",
        "repo": "cli",
        "rev": "0cd11ef665f34009dcda2f61b7f895cc27667acc",
        "type": "github"
      },
      "original": {
        "owner": "caelestia-dots",
        "repo": "cli",
        "type": "github"
      }
    },
    "caelestia-cli_2": {
      "inputs": {
        "caelestia-shell": [
          "caelestia-shell"
        ],
        "nixpkgs": [
          "caelestia-shell",
          "nixpkgs"
        ]
      },
      "locked": {
        "lastModified": 1768010798,
        "narHash": "sha256-CmEy/t3CCDnUvn594sXtv0vRxt1JQaqj0nGdtQFU3mA=",
        "owner": "caelestia-dots",
        "repo": "cli",
        "rev": "70a8624eacfc1b90fe248aef722ae708e775a927",
        "type": "github"
      },
      "original": {
        "owner": "caelestia-dots",
        "repo": "cli",
        "type": "github"
      }
    },
    "caelestia-shell": {
      "inputs": {
        "caelestia-cli": [
          "caelestia-cli"
        ],
        "nixpkgs": [
          "caelestia-cli",
          "nixpkgs"
        ],
        "quickshell": "quickshell"
      },
      "locked": {
        "lastModified": 1768561833,
        "narHash": "sha256-WE5uqQTUtGDh199h/mLUdSN1rl9ui+dbWkjvQgtu/gg=",
        "owner": "caelestia-dots",
        "repo": "shell",
        "rev": "d2c06587f5321ccf12feedd08d84fa11b9a2ff68",
        "type": "github"
      },
      "original": {
        "owner": "caelestia-dots",
        "repo": "shell",
        "type": "github"
      }
    },
    "caelestia-shell_2": {
      "inputs": {
        "caelestia-cli": "caelestia-cli_2",
        "nixpkgs": [
          "nixpkgs"
        ],
        "quickshell": "quickshell_2"
      },
      "locked": {
        "lastModified": 1768629486,
        "narHash": "sha256-W50hARtSVHxAtrG6dHKbLjU1PHDumJyB70IwKzuoIL0=",
        "owner": "caelestia-dots",
        "repo": "shell",
        "rev": "96942d5ff38698513f0330618073dbdf2af1bd59",
        "type": "github"
      },
      "original": {
        "owner": "caelestia-dots",
        "repo": "shell",
        "type": "github"
      }
    },
    "catppuccin": {
      "inputs": {
        "nixpkgs": "nixpkgs"
      },
      "locked": {
        "lastModified": 1768575137,
        "narHash": "sha256-e0SsKnkSnq+UwZNS9ZyPJjTjabzq9TRc1hqeDnvOF1Q=",
        "owner": "catppuccin",
        "repo": "nix",
        "rev": "48e67b4ad22072f1ae30b0ed8e1cb020cf06c611",
        "type": "github"
      },
      "original": {
        "owner": "catppuccin",
        "repo": "nix",
        "type": "github"
      }
    },
    "devenv": {
      "inputs": {
        "cachix": "cachix",
        "flake-compat": "flake-compat",
        "flake-parts": "flake-parts",
        "git-hooks": "git-hooks",
        "nix": "nix",
        "nixpkgs": "nixpkgs_2"
      },
      "locked": {
        "lastModified": 1764262844,
        "narHash": "sha256-8Ivbm9ltg0hUGQYMuRDOI8hbHUzqB9xKZ9ubKAzzwE8=",
        "type": "tarball",
        "url": "https://install.devenv.sh/latest"
      },
      "original": {
        "type": "tarball",
        "url": "https://install.devenv.sh/latest"
      }
    },
    "disko": {
      "inputs": {
        "nixpkgs": [
          "nixpkgs"
        ]
      },
      "locked": {
        "lastModified": 1766150702,
        "narHash": "sha256-P0kM+5o+DKnB6raXgFEk3azw8Wqg5FL6wyl9jD+G5a4=",
        "owner": "nix-community",
        "repo": "disko",
        "rev": "916506443ecd0d0b4a0f4cf9d40a3c22ce39b378",
        "type": "github"
      },
      "original": {
        "owner": "nix-community",
        "repo": "disko",
        "type": "github"
      }
    },
    "flake-compat": {
      "flake": false,
      "locked": {
        "lastModified": 1761588595,
        "narHash": "sha256-XKUZz9zewJNUj46b4AJdiRZJAvSZ0Dqj2BNfXvFlJC4=",
        "owner": "edolstra",
        "repo": "flake-compat",
        "rev": "f387cd2afec9419c8ee37694406ca490c3f34ee5",
        "type": "github"
      },
      "original": {
        "owner": "edolstra",
        "repo": "flake-compat",
        "type": "github"
      }
    },
    "flake-parts": {
      "inputs": {
        "nixpkgs-lib": [
          "devenv",
          "nixpkgs"
        ]
      },
      "locked": {
        "lastModified": 1760948891,
        "narHash": "sha256-TmWcdiUUaWk8J4lpjzu4gCGxWY6/Ok7mOK4fIFfBuU4=",
        "owner": "hercules-ci",
        "repo": "flake-parts",
        "rev": "864599284fc7c0ba6357ed89ed5e2cd5040f0c04",
        "type": "github"
      },
      "original": {
        "owner": "hercules-ci",
        "repo": "flake-parts",
        "type": "github"
      }
    },
    "flake-parts_2": {
      "inputs": {
        "nixpkgs-lib": "nixpkgs-lib"
      },
      "locked": {
        "lastModified": 1768135262,
        "narHash": "sha256-PVvu7OqHBGWN16zSi6tEmPwwHQ4rLPU9Plvs8/1TUBY=",
        "owner": "hercules-ci",
        "repo": "flake-parts",
        "rev": "80daad04eddbbf5a4d883996a73f3f542fa437ac",
        "type": "github"
      },
      "original": {
        "owner": "hercules-ci",
        "repo": "flake-parts",
        "type": "github"
      }
    },
    "flake-utils": {
      "inputs": {
        "systems": "systems"
      },
      "locked": {
        "lastModified": 1726560853,
        "narHash": "sha256-X6rJYSESBVr3hBoH0WbKE5KvhPU5bloyZ2L4K60/fPQ=",
        "owner": "numtide",
        "repo": "flake-utils",
        "rev": "c1dfcf08411b08f6b8615f7d8971a2bfa81d5e8a",
        "type": "github"
      },
      "original": {
        "owner": "numtide",
        "repo": "flake-utils",
        "type": "github"
      }
    },
    "git-hooks": {
      "inputs": {
        "flake-compat": [
          "devenv",
          "flake-compat"
        ],
        "gitignore": "gitignore",
        "nixpkgs": [
          "devenv",
          "nixpkgs"
        ]
      },
      "locked": {
        "lastModified": 1760663237,
        "narHash": "sha256-BflA6U4AM1bzuRMR8QqzPXqh8sWVCNDzOdsxXEguJIc=",
        "owner": "cachix",
        "repo": "git-hooks.nix",
        "rev": "ca5b894d3e3e151ffc1db040b6ce4dcc75d31c37",
        "type": "github"
      },
      "original": {
        "owner": "cachix",
        "repo": "git-hooks.nix",
        "type": "github"
      }
    },
    "gitignore": {
      "inputs": {
        "nixpkgs": [
          "devenv",
          "git-hooks",
          "nixpkgs"
        ]
      },
      "locked": {
        "lastModified": 1709087332,
        "narHash": "sha256-HG2cCnktfHsKV0s4XW83gU3F57gaTljL9KNSuG6bnQs=",
        "owner": "hercules-ci",
        "repo": "gitignore.nix",
        "rev": "637db329424fd7e46cf4185293b9cc8c88c95394",
        "type": "github"
      },
      "original": {
        "owner": "hercules-ci",
        "repo": "gitignore.nix",
        "type": "github"
      }
    },
    "home-manager": {
      "inputs": {
        "nixpkgs": [
          "nixpkgs"
        ]
      },
      "locked": {
        "lastModified": 1768598210,
        "narHash": "sha256-kkgA32s/f4jaa4UG+2f8C225Qvclxnqs76mf8zvTVPg=",
        "owner": "nix-community",
        "repo": "home-manager",
        "rev": "c47b2cc64a629f8e075de52e4742de688f930dc6",
        "type": "github"
      },
      "original": {
        "owner": "nix-community",
        "repo": "home-manager",
        "type": "github"
      }
    },
    "home-manager_2": {
      "inputs": {
        "nixpkgs": [
          "zen-browser",
          "nixpkgs"
        ]
      },
      "locked": {
        "lastModified": 1767104570,
        "narHash": "sha256-GKgwu5//R+cLdKysZjGqvUEEOGXXLdt93sNXeb2M/Lk=",
        "owner": "nix-community",
        "repo": "home-manager",
        "rev": "e4e78a2cbeaddd07ab7238971b16468cc1d14daf",
        "type": "github"
      },
      "original": {
        "owner": "nix-community",
        "repo": "home-manager",
        "type": "github"
      }
    },
    "nix": {
      "inputs": {
        "flake-compat": [
          "devenv",
          "flake-compat"
        ],
        "flake-parts": [
          "devenv",
          "flake-parts"
        ],
        "git-hooks-nix": [
          "devenv",
          "git-hooks"
        ],
        "nixpkgs": [
          "devenv",
          "nixpkgs"
        ],
        "nixpkgs-23-11": [
          "devenv"
        ],
        "nixpkgs-regression": [
          "devenv"
        ]
      },
      "locked": {
        "lastModified": 1761648602,
        "narHash": "sha256-H97KSB/luq/aGobKRuHahOvT1r7C03BgB6D5HBZsbN8=",
        "owner": "cachix",
        "repo": "nix",
        "rev": "3e5644da6830ef65f0a2f7ec22830c46285bfff6",
        "type": "github"
      },
      "original": {
        "owner": "cachix",
        "ref": "devenv-2.30.6",
        "repo": "nix",
        "type": "github"
      }
    },
    "nix-github-actions": {
      "inputs": {
        "nixpkgs": [
          "poetry2nix",
          "nixpkgs"
        ]
      },
      "locked": {
        "lastModified": 1729742964,
        "narHash": "sha256-B4mzTcQ0FZHdpeWcpDYPERtyjJd/NIuaQ9+BV1h+MpA=",
        "owner": "nix-community",
        "repo": "nix-github-actions",
        "rev": "e04df33f62cdcf93d73e9a04142464753a16db67",
        "type": "github"
      },
      "original": {
        "owner": "nix-community",
        "repo": "nix-github-actions",
        "type": "github"
      }
    },
    "nixpkgs": {
      "locked": {
        "lastModified": 1768305791,
        "narHash": "sha256-AIdl6WAn9aymeaH/NvBj0H9qM+XuAuYbGMZaP0zcXAQ=",
        "owner": "NixOS",
        "repo": "nixpkgs",
        "rev": "1412caf7bf9e660f2f962917c14b1ea1c3bc695e",
        "type": "github"
      },
      "original": {
        "owner": "NixOS",
        "ref": "nixos-unstable",
        "repo": "nixpkgs",
        "type": "github"
      }
    },
    "nixpkgs-lib": {
      "locked": {
        "lastModified": 1765674936,
        "narHash": "sha256-k00uTP4JNfmejrCLJOwdObYC9jHRrr/5M/a/8L2EIdo=",
        "owner": "nix-community",
        "repo": "nixpkgs.lib",
        "rev": "2075416fcb47225d9b68ac469a5c4801a9c4dd85",
        "type": "github"
      },
      "original": {
        "owner": "nix-community",
        "repo": "nixpkgs.lib",
        "type": "github"
      }
    },
    "nixpkgs_2": {
      "locked": {
        "lastModified": 1761313199,
        "narHash": "sha256-wCIACXbNtXAlwvQUo1Ed++loFALPjYUA3dpcUJiXO44=",
        "owner": "cachix",
        "repo": "devenv-nixpkgs",
        "rev": "d1c30452ebecfc55185ae6d1c983c09da0c274ff",
        "type": "github"
      },
      "original": {
        "owner": "cachix",
        "ref": "rolling",
        "repo": "devenv-nixpkgs",
        "type": "github"
      }
    },
    "nixpkgs_3": {
      "locked": {
        "lastModified": 1768564909,
        "narHash": "sha256-Kell/SpJYVkHWMvnhqJz/8DqQg2b6PguxVWOuadbHCc=",
        "owner": "nixos",
        "repo": "nixpkgs",
        "rev": "e4bae1bd10c9c57b2cf517953ab70060a828ee6f",
        "type": "github"
      },
      "original": {
        "owner": "nixos",
        "ref": "nixos-unstable",
        "repo": "nixpkgs",
        "type": "github"
      }
    },
    "nixpkgs_4": {
      "locked": {
        "lastModified": 1730157240,
        "narHash": "sha256-P8wF4ag6Srmpb/gwskYpnIsnspbjZlRvu47iN527ABQ=",
        "owner": "NixOS",
        "repo": "nixpkgs",
        "rev": "75e28c029ef2605f9841e0baa335d70065fe7ae2",
        "type": "github"
      },
      "original": {
        "owner": "NixOS",
        "repo": "nixpkgs",
        "rev": "75e28c029ef2605f9841e0baa335d70065fe7ae2",
        "type": "github"
      }
    },
    "poetry2nix": {
      "inputs": {
        "flake-utils": "flake-utils",
        "nix-github-actions": "nix-github-actions",
        "nixpkgs": "nixpkgs_4",
        "systems": "systems_2",
        "treefmt-nix": "treefmt-nix"
      },
      "locked": {
        "lastModified": 1743690424,
        "narHash": "sha256-cX98bUuKuihOaRp8dNV1Mq7u6/CQZWTPth2IJPATBXc=",
        "owner": "nix-community",
        "repo": "poetry2nix",
        "rev": "ce2369db77f45688172384bbeb962bc6c2ea6f94",
        "type": "github"
      },
      "original": {
        "owner": "nix-community",
        "repo": "poetry2nix",
        "type": "github"
      }
    },
    "quickshell": {
      "inputs": {
        "nixpkgs": [
          "caelestia-cli",
          "caelestia-shell",
          "nixpkgs"
        ]
      },
      "locked": {
        "lastModified": 1768080170,
        "narHash": "sha256-HYKRNShQe5YnnxLazQajB9JkAPGpVcUt9jQ3KwilITQ=",
        "ref": "refs/heads/master",
        "rev": "bcc3d4265e8b3ed2b17b801923905b60a3927823",
        "revCount": 722,
        "type": "git",
        "url": "https://git.outfoxxed.me/outfoxxed/quickshell"
      },
      "original": {
        "type": "git",
        "url": "https://git.outfoxxed.me/outfoxxed/quickshell"
      }
    },
    "quickshell_2": {
      "inputs": {
        "nixpkgs": [
          "caelestia-shell",
          "nixpkgs"
        ]
      },
      "locked": {
        "lastModified": 1768080170,
        "narHash": "sha256-HYKRNShQe5YnnxLazQajB9JkAPGpVcUt9jQ3KwilITQ=",
        "ref": "refs/heads/master",
        "rev": "bcc3d4265e8b3ed2b17b801923905b60a3927823",
        "revCount": 722,
        "type": "git",
        "url": "https://git.outfoxxed.me/outfoxxed/quickshell"
      },
      "original": {
        "type": "git",
        "url": "https://git.outfoxxed.me/outfoxxed/quickshell"
      }
    },
    "root": {
      "inputs": {
        "caelestia-cli": "caelestia-cli",
        "caelestia-shell": "caelestia-shell_2",
        "catppuccin": "catppuccin",
        "devenv": "devenv",
        "disko": "disko",
        "flake-parts": "flake-parts_2",
        "home-manager": "home-manager",
        "nixpkgs": "nixpkgs_3",
        "poetry2nix": "poetry2nix",
        "rust-overlay": "rust-overlay",
        "zen-browser": "zen-browser"
      }
    },
    "rust-overlay": {
      "inputs": {
        "nixpkgs": [
          "nixpkgs"
        ]
      },
      "locked": {
        "lastModified": 1768617670,
        "narHash": "sha256-Z3+6dxoWZn+QFwjxAt5ZGXkiuCvCLgQP6pTS5eSWXqk=",
        "owner": "oxalica",
        "repo": "rust-overlay",
        "rev": "56d0fbdd732f3686e8414b857cf885038fc17d57",
        "type": "github"
      },
      "original": {
        "owner": "oxalica",
        "repo": "rust-overlay",
        "type": "github"
      }
    },
    "systems": {
      "locked": {
        "lastModified": 1681028828,
        "narHash": "sha256-Vy1rq5AaRuLzOxct8nz4T6wlgyUR7zLU309k9mBC768=",
        "owner": "nix-systems",
        "repo": "default",
        "rev": "da67096a3b9bf56a91d16901293e51ba5b49a27e",
        "type": "github"
      },
      "original": {
        "owner": "nix-systems",
        "repo": "default",
        "type": "github"
      }
    },
    "systems_2": {
      "locked": {
        "lastModified": 1681028828,
        "narHash": "sha256-Vy1rq5AaRuLzOxct8nz4T6wlgyUR7zLU309k9mBC768=",
        "owner": "nix-systems",
        "repo": "default",
        "rev": "da67096a3b9bf56a91d16901293e51ba5b49a27e",
        "type": "github"
      },
      "original": {
        "owner": "nix-systems",
        "repo": "default",
        "type": "github"
      }
    },
    "treefmt-nix": {
      "inputs": {
        "nixpkgs": [
          "poetry2nix",
          "nixpkgs"
        ]
      },
      "locked": {
        "lastModified": 1730120726,
        "narHash": "sha256-LqHYIxMrl/1p3/kvm2ir925tZ8DkI0KA10djk8wecSk=",
        "owner": "numtide",
        "repo": "treefmt-nix",
        "rev": "9ef337e492a5555d8e17a51c911ff1f02635be15",
        "type": "github"
      },
      "original": {
        "owner": "numtide",
        "repo": "treefmt-nix",
        "type": "github"
      }
    },
    "zen-browser": {
      "inputs": {
        "home-manager": "home-manager_2",
        "nixpkgs": [
          "nixpkgs"
        ]
      },
      "locked": {
        "lastModified": 1768620209,
        "narHash": "sha256-08+iYinKGC6XvJbctMF76EhUvuyysvFQwOLj9vb3t5c=",
        "owner": "0xc000022070",
        "repo": "zen-browser-flake",
        "rev": "ec7eefdd4006c9da3437148f952989926261e649",
        "type": "github"
      },
      "original": {
        "owner": "0xc000022070",
        "repo": "zen-browser-flake",
        "type": "github"
      }
    }
  },
  "root": "root",
  "version": 7
}
